// !$*UTF8*$!
{
	archiveVersion = 1;
	classes = {
	};
	objectVersion = 48;
	objects = {

/* Begin PBXBuildFile section */
		8F4A964425A99D3700A01321 /* TrainerList.swift in Sources */ = {isa = PBXBuildFile; fileRef = 8F4A964325A99D3700A01321 /* TrainerList.swift */; };
		8F8061E925AB519100D72341 /* TrainersTests.swift in Sources */ = {isa = PBXBuildFile; fileRef = 8F8061E825AB519100D72341 /* TrainersTests.swift */; };
		8F96C7C125A9A1C600B6853C /* Identifiable.swift in Sources */ = {isa = PBXBuildFile; fileRef = 8F96C7C025A9A1C600B6853C /* Identifiable.swift */; };
		8F96C7C425A9A2A700B6853C /* TrainerListView.swift in Sources */ = {isa = PBXBuildFile; fileRef = 8F96C7C325A9A2A700B6853C /* TrainerListView.swift */; };
		8F96C7C825A9A2CB00B6853C /* BaseView.swift in Sources */ = {isa = PBXBuildFile; fileRef = 8F96C7C725A9A2CB00B6853C /* BaseView.swift */; };
		8F96C7CB25A9A3DA00B6853C /* TrainerListViewModel.swift in Sources */ = {isa = PBXBuildFile; fileRef = 8F96C7CA25A9A3DA00B6853C /* TrainerListViewModel.swift */; };
		8F96C7CF25A9A67800B6853C /* UIView+Additions.swift in Sources */ = {isa = PBXBuildFile; fileRef = 8F96C7CE25A9A67800B6853C /* UIView+Additions.swift */; };
		8F96C7D625A9AC2500B6853C /* TrainerTableViewCell.swift in Sources */ = {isa = PBXBuildFile; fileRef = 8F96C7D525A9AC2500B6853C /* TrainerTableViewCell.swift */; };
		8F96C7DD25A9AD1E00B6853C /* Localizable.strings in Resources */ = {isa = PBXBuildFile; fileRef = 8F96C7DF25A9AD1E00B6853C /* Localizable.strings */; };
		8F96C7E225A9AD3C00B6853C /* Localizer.swift in Sources */ = {isa = PBXBuildFile; fileRef = 8F96C7E125A9AD3C00B6853C /* Localizer.swift */; };
		8F96C7E525A9B0C200B6853C /* Colors.xcassets in Resources */ = {isa = PBXBuildFile; fileRef = 8F96C7E425A9B0C200B6853C /* Colors.xcassets */; };
		8F96C7E825A9B11E00B6853C /* ColorHelper.swift in Sources */ = {isa = PBXBuildFile; fileRef = 8F96C7E725A9B11E00B6853C /* ColorHelper.swift */; };
		8F96C7EC25A9B2F000B6853C /* UIImageView+Additions.swift in Sources */ = {isa = PBXBuildFile; fileRef = 8F96C7EB25A9B2F000B6853C /* UIImageView+Additions.swift */; };
		8F96C7EF25A9BFBF00B6853C /* ImageHelper.swift in Sources */ = {isa = PBXBuildFile; fileRef = 8F96C7EE25A9BFBF00B6853C /* ImageHelper.swift */; };
		8F96C7F225A9F26400B6853C /* TrainerCellModel.swift in Sources */ = {isa = PBXBuildFile; fileRef = 8F96C7F125A9F26300B6853C /* TrainerCellModel.swift */; };
		8F96C7F825A9F8CF00B6853C /* TrainerDetailsView.swift in Sources */ = {isa = PBXBuildFile; fileRef = 8F96C7F725A9F8CF00B6853C /* TrainerDetailsView.swift */; };
		8F96C7FB25A9F8DE00B6853C /* TrainerDetailsViewModel.swift in Sources */ = {isa = PBXBuildFile; fileRef = 8F96C7FA25A9F8DE00B6853C /* TrainerDetailsViewModel.swift */; };
		8FDA998325AB0D9400E50BC5 /* ScrollableView.swift in Sources */ = {isa = PBXBuildFile; fileRef = 8FDA998225AB0D9400E50BC5 /* ScrollableView.swift */; };
		8FDA998F25AB161E00E50BC5 /* TagsFlowLayout.swift in Sources */ = {isa = PBXBuildFile; fileRef = 8FDA998E25AB161E00E50BC5 /* TagsFlowLayout.swift */; };
		8FDA999225AB163400E50BC5 /* TagsContainerView.swift in Sources */ = {isa = PBXBuildFile; fileRef = 8FDA999125AB163400E50BC5 /* TagsContainerView.swift */; };
		8FDA999525AB16ED00E50BC5 /* TagsCollectionViewCell.swift in Sources */ = {isa = PBXBuildFile; fileRef = 8FDA999425AB16ED00E50BC5 /* TagsCollectionViewCell.swift */; };
		8FDA999825AB1CF300E50BC5 /* SelfSizedCollectionView.swift in Sources */ = {isa = PBXBuildFile; fileRef = 8FDA999725AB1CF300E50BC5 /* SelfSizedCollectionView.swift */; };
		8FDA999F25AB34C700E50BC5 /* TagInputContainerView.swift in Sources */ = {isa = PBXBuildFile; fileRef = 8FDA999E25AB34C700E50BC5 /* TagInputContainerView.swift */; };
		8FDA99A225AB439600E50BC5 /* DateFormatterHelper.swift in Sources */ = {isa = PBXBuildFile; fileRef = 8FDA99A125AB439600E50BC5 /* DateFormatterHelper.swift */; };
		8FDA99A525AB48C100E50BC5 /* TrainerUpdateModel.swift in Sources */ = {isa = PBXBuildFile; fileRef = 8FDA99A425AB48C100E50BC5 /* TrainerUpdateModel.swift */; };
		979173DB8FC2EE92DAF88D7F /* Pods_Interview___Internship.framework in Frameworks */ = {isa = PBXBuildFile; fileRef = ABB70B5F1D528079BD90AAC4 /* Pods_Interview___Internship.framework */; };
		CA097FC0222ED98600D54ADA /* AppDelegate.swift in Sources */ = {isa = PBXBuildFile; fileRef = CA097FBF222ED98600D54ADA /* AppDelegate.swift */; };
		CA097FC2222ED98600D54ADA /* TrainerListViewController.swift in Sources */ = {isa = PBXBuildFile; fileRef = CA097FC1222ED98600D54ADA /* TrainerListViewController.swift */; };
		CA097FC7222ED98800D54ADA /* Assets.xcassets in Resources */ = {isa = PBXBuildFile; fileRef = CA097FC6222ED98800D54ADA /* Assets.xcassets */; };
		CA097FD2222ED9A000D54ADA /* trainers.json in Resources */ = {isa = PBXBuildFile; fileRef = CA097FD1222ED9A000D54ADA /* trainers.json */; };
		CA097FD5222EDA1400D54ADA /* JSONReader.swift in Sources */ = {isa = PBXBuildFile; fileRef = CA097FD4222EDA1400D54ADA /* JSONReader.swift */; };
		CA63A14F23E328D00036031C /* LaunchScreen.storyboard in Resources */ = {isa = PBXBuildFile; fileRef = CA63A14E23E328D00036031C /* LaunchScreen.storyboard */; };
		CAB9512023E434AB00F0833E /* TrainerDetailsViewController.swift in Sources */ = {isa = PBXBuildFile; fileRef = CAB9511F23E434AB00F0833E /* TrainerDetailsViewController.swift */; };
		CAB9512223E4466400F0833E /* Read.me in Resources */ = {isa = PBXBuildFile; fileRef = CAB9512123E4466400F0833E /* Read.me */; };
/* End PBXBuildFile section */

/* Begin PBXContainerItemProxy section */
		8F8061EB25AB519100D72341 /* PBXContainerItemProxy */ = {
			isa = PBXContainerItemProxy;
			containerPortal = CA097FB4222ED98600D54ADA /* Project object */;
			proxyType = 1;
			remoteGlobalIDString = CA097FBB222ED98600D54ADA;
			remoteInfo = "Interview - Internship";
		};
/* End PBXContainerItemProxy section */

/* Begin PBXFileReference section */
		8F4A964325A99D3700A01321 /* TrainerList.swift */ = {isa = PBXFileReference; lastKnownFileType = sourcecode.swift; path = TrainerList.swift; sourceTree = "<group>"; };
		8F8061E625AB519100D72341 /* TrainersTests.xctest */ = {isa = PBXFileReference; explicitFileType = wrapper.cfbundle; includeInIndex = 0; path = TrainersTests.xctest; sourceTree = BUILT_PRODUCTS_DIR; };
		8F8061E825AB519100D72341 /* TrainersTests.swift */ = {isa = PBXFileReference; lastKnownFileType = sourcecode.swift; path = TrainersTests.swift; sourceTree = "<group>"; };
		8F8061EA25AB519100D72341 /* Info.plist */ = {isa = PBXFileReference; lastKnownFileType = text.plist.xml; path = Info.plist; sourceTree = "<group>"; };
		8F96C7C025A9A1C600B6853C /* Identifiable.swift */ = {isa = PBXFileReference; lastKnownFileType = sourcecode.swift; path = Identifiable.swift; sourceTree = "<group>"; };
		8F96C7C325A9A2A700B6853C /* TrainerListView.swift */ = {isa = PBXFileReference; lastKnownFileType = sourcecode.swift; path = TrainerListView.swift; sourceTree = "<group>"; };
		8F96C7C725A9A2CB00B6853C /* BaseView.swift */ = {isa = PBXFileReference; lastKnownFileType = sourcecode.swift; path = BaseView.swift; sourceTree = "<group>"; };
		8F96C7CA25A9A3DA00B6853C /* TrainerListViewModel.swift */ = {isa = PBXFileReference; lastKnownFileType = sourcecode.swift; path = TrainerListViewModel.swift; sourceTree = "<group>"; };
		8F96C7CE25A9A67800B6853C /* UIView+Additions.swift */ = {isa = PBXFileReference; lastKnownFileType = sourcecode.swift; path = "UIView+Additions.swift"; sourceTree = "<group>"; };
		8F96C7D525A9AC2500B6853C /* TrainerTableViewCell.swift */ = {isa = PBXFileReference; lastKnownFileType = sourcecode.swift; path = TrainerTableViewCell.swift; sourceTree = "<group>"; };
		8F96C7DE25A9AD1E00B6853C /* en */ = {isa = PBXFileReference; lastKnownFileType = text.plist.strings; name = en; path = en.lproj/Localizable.strings; sourceTree = "<group>"; };
		8F96C7E125A9AD3C00B6853C /* Localizer.swift */ = {isa = PBXFileReference; lastKnownFileType = sourcecode.swift; path = Localizer.swift; sourceTree = "<group>"; };
		8F96C7E425A9B0C200B6853C /* Colors.xcassets */ = {isa = PBXFileReference; lastKnownFileType = folder.assetcatalog; path = Colors.xcassets; sourceTree = "<group>"; };
		8F96C7E725A9B11E00B6853C /* ColorHelper.swift */ = {isa = PBXFileReference; lastKnownFileType = sourcecode.swift; path = ColorHelper.swift; sourceTree = "<group>"; };
		8F96C7EB25A9B2F000B6853C /* UIImageView+Additions.swift */ = {isa = PBXFileReference; lastKnownFileType = sourcecode.swift; path = "UIImageView+Additions.swift"; sourceTree = "<group>"; };
		8F96C7EE25A9BFBF00B6853C /* ImageHelper.swift */ = {isa = PBXFileReference; lastKnownFileType = sourcecode.swift; path = ImageHelper.swift; sourceTree = "<group>"; };
		8F96C7F125A9F26300B6853C /* TrainerCellModel.swift */ = {isa = PBXFileReference; lastKnownFileType = sourcecode.swift; path = TrainerCellModel.swift; sourceTree = "<group>"; };
		8F96C7F725A9F8CF00B6853C /* TrainerDetailsView.swift */ = {isa = PBXFileReference; lastKnownFileType = sourcecode.swift; path = TrainerDetailsView.swift; sourceTree = "<group>"; };
		8F96C7FA25A9F8DE00B6853C /* TrainerDetailsViewModel.swift */ = {isa = PBXFileReference; lastKnownFileType = sourcecode.swift; path = TrainerDetailsViewModel.swift; sourceTree = "<group>"; };
		8FDA998225AB0D9400E50BC5 /* ScrollableView.swift */ = {isa = PBXFileReference; lastKnownFileType = sourcecode.swift; path = ScrollableView.swift; sourceTree = "<group>"; };
		8FDA998E25AB161E00E50BC5 /* TagsFlowLayout.swift */ = {isa = PBXFileReference; lastKnownFileType = sourcecode.swift; path = TagsFlowLayout.swift; sourceTree = "<group>"; };
		8FDA999125AB163400E50BC5 /* TagsContainerView.swift */ = {isa = PBXFileReference; lastKnownFileType = sourcecode.swift; path = TagsContainerView.swift; sourceTree = "<group>"; };
		8FDA999425AB16ED00E50BC5 /* TagsCollectionViewCell.swift */ = {isa = PBXFileReference; lastKnownFileType = sourcecode.swift; path = TagsCollectionViewCell.swift; sourceTree = "<group>"; };
		8FDA999725AB1CF300E50BC5 /* SelfSizedCollectionView.swift */ = {isa = PBXFileReference; lastKnownFileType = sourcecode.swift; path = SelfSizedCollectionView.swift; sourceTree = "<group>"; };
		8FDA999E25AB34C700E50BC5 /* TagInputContainerView.swift */ = {isa = PBXFileReference; lastKnownFileType = sourcecode.swift; path = TagInputContainerView.swift; sourceTree = "<group>"; };
		8FDA99A125AB439600E50BC5 /* DateFormatterHelper.swift */ = {isa = PBXFileReference; lastKnownFileType = sourcecode.swift; path = DateFormatterHelper.swift; sourceTree = "<group>"; };
		8FDA99A425AB48C100E50BC5 /* TrainerUpdateModel.swift */ = {isa = PBXFileReference; lastKnownFileType = sourcecode.swift; path = TrainerUpdateModel.swift; sourceTree = "<group>"; };
		8FDA99A825AB495E00E50BC5 /* IQKeyboardManager.framework */ = {isa = PBXFileReference; lastKnownFileType = wrapper.framework; name = IQKeyboardManager.framework; path = Carthage/Build/iOS/IQKeyboardManager.framework; sourceTree = "<group>"; };
		ABB70B5F1D528079BD90AAC4 /* Pods_Interview___Internship.framework */ = {isa = PBXFileReference; explicitFileType = wrapper.framework; includeInIndex = 0; path = "Pods_Interview___Internship.framework"; sourceTree = BUILT_PRODUCTS_DIR; };
		CA097FBC222ED98600D54ADA /* Trainers.app */ = {isa = PBXFileReference; explicitFileType = wrapper.application; includeInIndex = 0; path = Trainers.app; sourceTree = BUILT_PRODUCTS_DIR; };
		CA097FBF222ED98600D54ADA /* AppDelegate.swift */ = {isa = PBXFileReference; lastKnownFileType = sourcecode.swift; path = AppDelegate.swift; sourceTree = "<group>"; };
		CA097FC1222ED98600D54ADA /* TrainerListViewController.swift */ = {isa = PBXFileReference; lastKnownFileType = sourcecode.swift; path = TrainerListViewController.swift; sourceTree = "<group>"; };
		CA097FC6222ED98800D54ADA /* Assets.xcassets */ = {isa = PBXFileReference; lastKnownFileType = folder.assetcatalog; path = Assets.xcassets; sourceTree = "<group>"; };
		CA097FCB222ED98800D54ADA /* Info.plist */ = {isa = PBXFileReference; lastKnownFileType = text.plist.xml; path = Info.plist; sourceTree = "<group>"; };
		CA097FD1222ED9A000D54ADA /* trainers.json */ = {isa = PBXFileReference; fileEncoding = 4; lastKnownFileType = text.json; path = trainers.json; sourceTree = "<group>"; };
		CA097FD4222EDA1400D54ADA /* JSONReader.swift */ = {isa = PBXFileReference; lastKnownFileType = sourcecode.swift; path = JSONReader.swift; sourceTree = "<group>"; };
		CA63A14E23E328D00036031C /* LaunchScreen.storyboard */ = {isa = PBXFileReference; lastKnownFileType = file.storyboard; path = LaunchScreen.storyboard; sourceTree = "<group>"; };
		CAB9511F23E434AB00F0833E /* TrainerDetailsViewController.swift */ = {isa = PBXFileReference; lastKnownFileType = sourcecode.swift; path = TrainerDetailsViewController.swift; sourceTree = "<group>"; };
		CAB9512123E4466400F0833E /* Read.me */ = {isa = PBXFileReference; lastKnownFileType = text; path = Read.me; sourceTree = "<group>"; };
		DCE576F078C056E3962F40DD /* Pods-Interview - Internship.debug.xcconfig */ = {isa = PBXFileReference; includeInIndex = 1; lastKnownFileType = text.xcconfig; name = "Pods-Interview - Internship.debug.xcconfig"; path = "Target Support Files/Pods-Interview - Internship/Pods-Interview - Internship.debug.xcconfig"; sourceTree = "<group>"; };
		ECB06FD5000CF7975473DF96 /* Pods-Interview - Internship.release.xcconfig */ = {isa = PBXFileReference; includeInIndex = 1; lastKnownFileType = text.xcconfig; name = "Pods-Interview - Internship.release.xcconfig"; path = "Target Support Files/Pods-Interview - Internship/Pods-Interview - Internship.release.xcconfig"; sourceTree = "<group>"; };
/* End PBXFileReference section */

/* Begin PBXFrameworksBuildPhase section */
		8F8061E325AB519100D72341 /* Frameworks */ = {
			isa = PBXFrameworksBuildPhase;
			buildActionMask = 2147483647;
			files = (
			);
			runOnlyForDeploymentPostprocessing = 0;
		};
		CA097FB9222ED98600D54ADA /* Frameworks */ = {
			isa = PBXFrameworksBuildPhase;
			buildActionMask = 2147483647;
			files = (
				979173DB8FC2EE92DAF88D7F /* Pods_Interview___Internship.framework in Frameworks */,
			);
			runOnlyForDeploymentPostprocessing = 0;
		};
/* End PBXFrameworksBuildPhase section */

/* Begin PBXGroup section */
		462ED7820BCEED69E9128FD3 /* Pods */ = {
			isa = PBXGroup;
			children = (
				DCE576F078C056E3962F40DD /* Pods-Interview - Internship.debug.xcconfig */,
				ECB06FD5000CF7975473DF96 /* Pods-Interview - Internship.release.xcconfig */,
			);
			path = Pods;
			sourceTree = "<group>";
		};
		8F4A963925A99B0C00A01321 /* Infrastructure */ = {
			isa = PBXGroup;
			children = (
				8F4A963A25A99B2300A01321 /* Resources */,
				CA097FD3222ED9A700D54ADA /* Data */,
				CAB9512123E4466400F0833E /* Read.me */,
				CA097FBF222ED98600D54ADA /* AppDelegate.swift */,
				CA63A14E23E328D00036031C /* LaunchScreen.storyboard */,
				CA097FCB222ED98800D54ADA /* Info.plist */,
			);
			path = Infrastructure;
			sourceTree = "<group>";
		};
		8F4A963A25A99B2300A01321 /* Resources */ = {
			isa = PBXGroup;
			children = (
				8F96C7E425A9B0C200B6853C /* Colors.xcassets */,
				CA097FC6222ED98800D54ADA /* Assets.xcassets */,
				8F96C7DF25A9AD1E00B6853C /* Localizable.strings */,
			);
			path = Resources;
			sourceTree = "<group>";
		};
		8F4A963D25A99B9A00A01321 /* Services */ = {
			isa = PBXGroup;
			children = (
				CA097FD4222EDA1400D54ADA /* JSONReader.swift */,
			);
			path = Services;
			sourceTree = "<group>";
		};
		8F4A963F25A99C8D00A01321 /* Scenes */ = {
			isa = PBXGroup;
			children = (
				8F96C7C625A9A2BD00B6853C /* Base */,
				8F4A964025A99C9500A01321 /* Trainer */,
				8F4A964125A99CAB00A01321 /* TrainerDetail */,
			);
			path = Scenes;
			sourceTree = "<group>";
		};
		8F4A964025A99C9500A01321 /* Trainer */ = {
			isa = PBXGroup;
			children = (
				8F96C7D425A9AC1300B6853C /* Cell */,
				8F96C7C325A9A2A700B6853C /* TrainerListView.swift */,
				CA097FC1222ED98600D54ADA /* TrainerListViewController.swift */,
				8F96C7CA25A9A3DA00B6853C /* TrainerListViewModel.swift */,
			);
			path = Trainer;
			sourceTree = "<group>";
		};
		8F4A964125A99CAB00A01321 /* TrainerDetail */ = {
			isa = PBXGroup;
			children = (
				8FDA998125AB0D7A00E50BC5 /* Views */,
				8F96C7F725A9F8CF00B6853C /* TrainerDetailsView.swift */,
				CAB9511F23E434AB00F0833E /* TrainerDetailsViewController.swift */,
				8F96C7FA25A9F8DE00B6853C /* TrainerDetailsViewModel.swift */,
			);
			path = TrainerDetail;
			sourceTree = "<group>";
		};
		8F4A964225A99D1F00A01321 /* Model */ = {
			isa = PBXGroup;
			children = (
				8F96C7F125A9F26300B6853C /* TrainerCellModel.swift */,
				8F4A964325A99D3700A01321 /* TrainerList.swift */,
				8FDA99A425AB48C100E50BC5 /* TrainerUpdateModel.swift */,
			);
			path = Model;
			sourceTree = "<group>";
		};
		8F8061E725AB519100D72341 /* TrainersTests */ = {
			isa = PBXGroup;
			children = (
				8F8061E825AB519100D72341 /* TrainersTests.swift */,
				8F8061EA25AB519100D72341 /* Info.plist */,
			);
			path = TrainersTests;
			sourceTree = "<group>";
		};
		8F96C7BF25A9A1A400B6853C /* Helpers */ = {
			isa = PBXGroup;
			children = (
				8F96C7C025A9A1C600B6853C /* Identifiable.swift */,
				8F96C7E125A9AD3C00B6853C /* Localizer.swift */,
				8F96C7E725A9B11E00B6853C /* ColorHelper.swift */,
				8F96C7EE25A9BFBF00B6853C /* ImageHelper.swift */,
				8FDA99A125AB439600E50BC5 /* DateFormatterHelper.swift */,
			);
			path = Helpers;
			sourceTree = "<group>";
		};
		8F96C7C625A9A2BD00B6853C /* Base */ = {
			isa = PBXGroup;
			children = (
				8F96C7C725A9A2CB00B6853C /* BaseView.swift */,
			);
			path = Base;
			sourceTree = "<group>";
		};
		8F96C7CD25A9A65F00B6853C /* Extensions */ = {
			isa = PBXGroup;
			children = (
				8F96C7CE25A9A67800B6853C /* UIView+Additions.swift */,
				8F96C7EB25A9B2F000B6853C /* UIImageView+Additions.swift */,
			);
			path = Extensions;
			sourceTree = "<group>";
		};
		8F96C7D425A9AC1300B6853C /* Cell */ = {
			isa = PBXGroup;
			children = (
				8F96C7D525A9AC2500B6853C /* TrainerTableViewCell.swift */,
			);
			path = Cell;
			sourceTree = "<group>";
		};
		8FDA998125AB0D7A00E50BC5 /* Views */ = {
			isa = PBXGroup;
			children = (
				8FDA998525AB14A800E50BC5 /* TagsContainerView */,
				8FDA998225AB0D9400E50BC5 /* ScrollableView.swift */,
				8FDA999E25AB34C700E50BC5 /* TagInputContainerView.swift */,
			);
			path = Views;
			sourceTree = "<group>";
		};
		8FDA998525AB14A800E50BC5 /* TagsContainerView */ = {
			isa = PBXGroup;
			children = (
				8FDA998E25AB161E00E50BC5 /* TagsFlowLayout.swift */,
				8FDA999125AB163400E50BC5 /* TagsContainerView.swift */,
				8FDA999425AB16ED00E50BC5 /* TagsCollectionViewCell.swift */,
				8FDA999725AB1CF300E50BC5 /* SelfSizedCollectionView.swift */,
			);
			path = TagsContainerView;
			sourceTree = "<group>";
		};
		8FDA99A725AB495E00E50BC5 /* Frameworks */ = {
			isa = PBXGroup;
			children = (
				8FDA99A825AB495E00E50BC5 /* IQKeyboardManager.framework */,
				ABB70B5F1D528079BD90AAC4 /* Pods_Interview___Internship.framework */,
			);
			name = Frameworks;
			sourceTree = "<group>";
		};
		CA097FB3222ED98600D54ADA = {
			isa = PBXGroup;
			children = (
				CA097FBE222ED98600D54ADA /* Interview - Internship */,
				8F8061E725AB519100D72341 /* TrainersTests */,
				CA097FBD222ED98600D54ADA /* Products */,
				8FDA99A725AB495E00E50BC5 /* Frameworks */,
				462ED7820BCEED69E9128FD3 /* Pods */,
			);
			sourceTree = "<group>";
		};
		CA097FBD222ED98600D54ADA /* Products */ = {
			isa = PBXGroup;
			children = (
				CA097FBC222ED98600D54ADA /* Trainers.app */,
				8F8061E625AB519100D72341 /* TrainersTests.xctest */,
			);
			name = Products;
			sourceTree = "<group>";
		};
		CA097FBE222ED98600D54ADA /* Interview - Internship */ = {
			isa = PBXGroup;
			children = (
				8F4A963925A99B0C00A01321 /* Infrastructure */,
				8F4A963F25A99C8D00A01321 /* Scenes */,
				8F4A964225A99D1F00A01321 /* Model */,
				8F4A963D25A99B9A00A01321 /* Services */,
				8F96C7BF25A9A1A400B6853C /* Helpers */,
				8F96C7CD25A9A65F00B6853C /* Extensions */,
			);
			path = "Interview - Internship";
			sourceTree = "<group>";
		};
		CA097FD3222ED9A700D54ADA /* Data */ = {
			isa = PBXGroup;
			children = (
				CA097FD1222ED9A000D54ADA /* trainers.json */,
			);
			path = Data;
			sourceTree = "<group>";
		};
/* End PBXGroup section */

/* Begin PBXNativeTarget section */
		8F8061E525AB519100D72341 /* TrainersTests */ = {
			isa = PBXNativeTarget;
			buildConfigurationList = 8F8061ED25AB519100D72341 /* Build configuration list for PBXNativeTarget "TrainersTests" */;
			buildPhases = (
				8F8061E225AB519100D72341 /* Sources */,
				8F8061E325AB519100D72341 /* Frameworks */,
				8F8061E425AB519100D72341 /* Resources */,
			);
			buildRules = (
			);
			dependencies = (
				8F8061EC25AB519100D72341 /* PBXTargetDependency */,
			);
			name = TrainersTests;
			productName = TrainersTests;
			productReference = 8F8061E625AB519100D72341 /* TrainersTests.xctest */;
			productType = "com.apple.product-type.bundle.unit-test";
		};
		CA097FBB222ED98600D54ADA /* Interview - Internship */ = {
			isa = PBXNativeTarget;
			buildConfigurationList = CA097FCE222ED98800D54ADA /* Build configuration list for PBXNativeTarget "Interview - Internship" */;
			buildPhases = (
				E659E6408E5ECE8B20A8B8DB /* [CP] Check Pods Manifest.lock */,
				CA097FB8222ED98600D54ADA /* Sources */,
				CA097FB9222ED98600D54ADA /* Frameworks */,
				CA097FBA222ED98600D54ADA /* Resources */,
				8F96C7D125A9A91D00B6853C /* Swiftlint */,
				D16C1EEB5865284F7B5A3CFE /* [CP] Embed Pods Frameworks */,
			);
			buildRules = (
			);
			dependencies = (
			);
			name = "Interview - Internship";
			productName = "Interview - Internship";
			productReference = CA097FBC222ED98600D54ADA /* Trainers.app */;
			productType = "com.apple.product-type.application";
		};
/* End PBXNativeTarget section */

/* Begin PBXProject section */
		CA097FB4222ED98600D54ADA /* Project object */ = {
			isa = PBXProject;
			attributes = {
				LastSwiftUpdateCheck = 1200;
				LastUpgradeCheck = 1010;
				ORGANIZATIONNAME = Lepaya;
				TargetAttributes = {
					8F8061E525AB519100D72341 = {
						CreatedOnToolsVersion = 12.0.1;
						ProvisioningStyle = Automatic;
						TestTargetID = CA097FBB222ED98600D54ADA;
					};
					CA097FBB222ED98600D54ADA = {
						CreatedOnToolsVersion = 10.1;
						ProvisioningStyle = Automatic;
					};
				};
			};
			buildConfigurationList = CA097FB7222ED98600D54ADA /* Build configuration list for PBXProject "Interview - Internship" */;
			compatibilityVersion = "Xcode 8.0";
			developmentRegion = en;
			hasScannedForEncodings = 0;
			knownRegions = (
				en,
				Base,
			);
			mainGroup = CA097FB3222ED98600D54ADA;
			productRefGroup = CA097FBD222ED98600D54ADA /* Products */;
			projectDirPath = "";
			projectRoot = "";
			targets = (
				CA097FBB222ED98600D54ADA /* Interview - Internship */,
				8F8061E525AB519100D72341 /* TrainersTests */,
			);
		};
/* End PBXProject section */

/* Begin PBXResourcesBuildPhase section */
		8F8061E425AB519100D72341 /* Resources */ = {
			isa = PBXResourcesBuildPhase;
			buildActionMask = 2147483647;
			files = (
			);
			runOnlyForDeploymentPostprocessing = 0;
		};
		CA097FBA222ED98600D54ADA /* Resources */ = {
			isa = PBXResourcesBuildPhase;
			buildActionMask = 2147483647;
			files = (
				8F96C7DD25A9AD1E00B6853C /* Localizable.strings in Resources */,
				CA63A14F23E328D00036031C /* LaunchScreen.storyboard in Resources */,
				CA097FD2222ED9A000D54ADA /* trainers.json in Resources */,
				8F96C7E525A9B0C200B6853C /* Colors.xcassets in Resources */,
				CA097FC7222ED98800D54ADA /* Assets.xcassets in Resources */,
				CAB9512223E4466400F0833E /* Read.me in Resources */,
			);
			runOnlyForDeploymentPostprocessing = 0;
		};
/* End PBXResourcesBuildPhase section */

/* Begin PBXShellScriptBuildPhase section */
		8F96C7D125A9A91D00B6853C /* Swiftlint */ = {
			isa = PBXShellScriptBuildPhase;
			buildActionMask = 2147483647;
			files = (
			);
			inputFileListPaths = (
			);
			inputPaths = (
			);
			name = Swiftlint;
			outputFileListPaths = (
			);
			outputPaths = (
			);
			runOnlyForDeploymentPostprocessing = 0;
			shellPath = /bin/sh;
			shellScript = "if which swiftlint >/dev/null; then\n  swiftlint\nelse\n  echo \"warning: SwiftLint not installed, download from https://github.com/realm/SwiftLint\"\nfi\n";
		};
		D16C1EEB5865284F7B5A3CFE /* [CP] Embed Pods Frameworks */ = {
			isa = PBXShellScriptBuildPhase;
			buildActionMask = 2147483647;
			files = (
			);
			inputPaths = (
				"${PODS_ROOT}/Target Support Files/Pods-Interview - Internship/Pods-Interview - Internship-frameworks.sh",
				"${BUILT_PRODUCTS_DIR}/IQKeyboardManager/IQKeyboardManager.framework",
			);
			name = "[CP] Embed Pods Frameworks";
			outputPaths = (
				"${TARGET_BUILD_DIR}/${FRAMEWORKS_FOLDER_PATH}/IQKeyboardManager.framework",
			);
			runOnlyForDeploymentPostprocessing = 0;
			shellPath = /bin/sh;
			shellScript = "\"${PODS_ROOT}/Target Support Files/Pods-Interview - Internship/Pods-Interview - Internship-frameworks.sh\"\n";
			showEnvVarsInLog = 0;
		};
		E659E6408E5ECE8B20A8B8DB /* [CP] Check Pods Manifest.lock */ = {
			isa = PBXShellScriptBuildPhase;
			buildActionMask = 2147483647;
			files = (
			);
			inputFileListPaths = (
			);
			inputPaths = (
				"${PODS_PODFILE_DIR_PATH}/Podfile.lock",
				"${PODS_ROOT}/Manifest.lock",
			);
			name = "[CP] Check Pods Manifest.lock";
			outputFileListPaths = (
			);
			outputPaths = (
				"$(DERIVED_FILE_DIR)/Pods-Interview - Internship-checkManifestLockResult.txt",
			);
			runOnlyForDeploymentPostprocessing = 0;
			shellPath = /bin/sh;
			shellScript = "diff \"${PODS_PODFILE_DIR_PATH}/Podfile.lock\" \"${PODS_ROOT}/Manifest.lock\" > /dev/null\nif [ $? != 0 ] ; then\n    # print error to STDERR\n    echo \"error: The sandbox is not in sync with the Podfile.lock. Run 'pod install' or update your CocoaPods installation.\" >&2\n    exit 1\nfi\n# This output is used by Xcode 'outputs' to avoid re-running this script phase.\necho \"SUCCESS\" > \"${SCRIPT_OUTPUT_FILE_0}\"\n";
			showEnvVarsInLog = 0;
		};
/* End PBXShellScriptBuildPhase section */

/* Begin PBXSourcesBuildPhase section */
		8F8061E225AB519100D72341 /* Sources */ = {
			isa = PBXSourcesBuildPhase;
			buildActionMask = 2147483647;
			files = (
				8F8061E925AB519100D72341 /* TrainersTests.swift in Sources */,
			);
			runOnlyForDeploymentPostprocessing = 0;
		};
		CA097FB8222ED98600D54ADA /* Sources */ = {
			isa = PBXSourcesBuildPhase;
			buildActionMask = 2147483647;
			files = (
				8F96C7F825A9F8CF00B6853C /* TrainerDetailsView.swift in Sources */,
				8F96C7CF25A9A67800B6853C /* UIView+Additions.swift in Sources */,
				8F96C7C425A9A2A700B6853C /* TrainerListView.swift in Sources */,
				8F96C7EC25A9B2F000B6853C /* UIImageView+Additions.swift in Sources */,
				8FDA999225AB163400E50BC5 /* TagsContainerView.swift in Sources */,
				8FDA998325AB0D9400E50BC5 /* ScrollableView.swift in Sources */,
				8F4A964425A99D3700A01321 /* TrainerList.swift in Sources */,
				8F96C7E225A9AD3C00B6853C /* Localizer.swift in Sources */,
				8FDA999F25AB34C700E50BC5 /* TagInputContainerView.swift in Sources */,
				8F96C7C125A9A1C600B6853C /* Identifiable.swift in Sources */,
				CA097FC2222ED98600D54ADA /* TrainerListViewController.swift in Sources */,
				8F96C7F225A9F26400B6853C /* TrainerCellModel.swift in Sources */,
				8F96C7D625A9AC2500B6853C /* TrainerTableViewCell.swift in Sources */,
				CA097FD5222EDA1400D54ADA /* JSONReader.swift in Sources */,
				8FDA99A225AB439600E50BC5 /* DateFormatterHelper.swift in Sources */,
				8FDA998F25AB161E00E50BC5 /* TagsFlowLayout.swift in Sources */,
				8F96C7CB25A9A3DA00B6853C /* TrainerListViewModel.swift in Sources */,
				8FDA999825AB1CF300E50BC5 /* SelfSizedCollectionView.swift in Sources */,
				8FDA999525AB16ED00E50BC5 /* TagsCollectionViewCell.swift in Sources */,
				8F96C7E825A9B11E00B6853C /* ColorHelper.swift in Sources */,
				8F96C7FB25A9F8DE00B6853C /* TrainerDetailsViewModel.swift in Sources */,
				8F96C7EF25A9BFBF00B6853C /* ImageHelper.swift in Sources */,
				8FDA99A525AB48C100E50BC5 /* TrainerUpdateModel.swift in Sources */,
				CA097FC0222ED98600D54ADA /* AppDelegate.swift in Sources */,
				CAB9512023E434AB00F0833E /* TrainerDetailsViewController.swift in Sources */,
				8F96C7C825A9A2CB00B6853C /* BaseView.swift in Sources */,
			);
			runOnlyForDeploymentPostprocessing = 0;
		};
/* End PBXSourcesBuildPhase section */

/* Begin PBXTargetDependency section */
		8F8061EC25AB519100D72341 /* PBXTargetDependency */ = {
			isa = PBXTargetDependency;
			target = CA097FBB222ED98600D54ADA /* Interview - Internship */;
			targetProxy = 8F8061EB25AB519100D72341 /* PBXContainerItemProxy */;
		};
/* End PBXTargetDependency section */

/* Begin PBXVariantGroup section */
		8F96C7DF25A9AD1E00B6853C /* Localizable.strings */ = {
			isa = PBXVariantGroup;
			children = (
				8F96C7DE25A9AD1E00B6853C /* en */,
			);
			name = Localizable.strings;
			sourceTree = "<group>";
		};
/* End PBXVariantGroup section */

/* Begin XCBuildConfiguration section */
		8F8061EE25AB519100D72341 /* Debug */ = {
			isa = XCBuildConfiguration;
			buildSettings = {
				BUNDLE_LOADER = "$(TEST_HOST)";
				CLANG_WARN_QUOTED_INCLUDE_IN_FRAMEWORK_HEADER = YES;
				CODE_SIGN_STYLE = Automatic;
				DEVELOPMENT_TEAM = B4F2B776R3;
				INFOPLIST_FILE = TrainersTests/Info.plist;
				IPHONEOS_DEPLOYMENT_TARGET = 14.0;
				LD_RUNPATH_SEARCH_PATHS = "$(inherited) @executable_path/Frameworks @loader_path/Frameworks";
				PRODUCT_BUNDLE_IDENTIFIER = onur.cantay.TrainersTests;
				PRODUCT_NAME = "$(TARGET_NAME)";
				SWIFT_VERSION = 5.0;
				TARGETED_DEVICE_FAMILY = "1,2";
				TEST_HOST = "$(BUILT_PRODUCTS_DIR)/Trainers.app/Trainers";
			};
			name = Debug;
		};
		8F8061EF25AB519100D72341 /* Release */ = {
			isa = XCBuildConfiguration;
			buildSettings = {
				BUNDLE_LOADER = "$(TEST_HOST)";
				CLANG_WARN_QUOTED_INCLUDE_IN_FRAMEWORK_HEADER = YES;
				CODE_SIGN_STYLE = Automatic;
				DEVELOPMENT_TEAM = B4F2B776R3;
				INFOPLIST_FILE = TrainersTests/Info.plist;
				IPHONEOS_DEPLOYMENT_TARGET = 14.0;
				LD_RUNPATH_SEARCH_PATHS = "$(inherited) @executable_path/Frameworks @loader_path/Frameworks";
				PRODUCT_BUNDLE_IDENTIFIER = onur.cantay.TrainersTests;
				PRODUCT_NAME = "$(TARGET_NAME)";
				SWIFT_VERSION = 5.0;
				TARGETED_DEVICE_FAMILY = "1,2";
				TEST_HOST = "$(BUILT_PRODUCTS_DIR)/Trainers.app/Trainers";
			};
			name = Release;
		};
		CA097FCC222ED98800D54ADA /* Debug */ = {
			isa = XCBuildConfiguration;
			buildSettings = {
				ALWAYS_SEARCH_USER_PATHS = NO;
				CLANG_ANALYZER_NONNULL = YES;
				CLANG_ANALYZER_NUMBER_OBJECT_CONVERSION = YES_AGGRESSIVE;
				CLANG_CXX_LANGUAGE_STANDARD = "gnu++14";
				CLANG_CXX_LIBRARY = "libc++";
				CLANG_ENABLE_MODULES = YES;
				CLANG_ENABLE_OBJC_ARC = YES;
				CLANG_ENABLE_OBJC_WEAK = YES;
				CLANG_WARN_BLOCK_CAPTURE_AUTORELEASING = YES;
				CLANG_WARN_BOOL_CONVERSION = YES;
				CLANG_WARN_COMMA = YES;
				CLANG_WARN_CONSTANT_CONVERSION = YES;
				CLANG_WARN_DEPRECATED_OBJC_IMPLEMENTATIONS = YES;
				CLANG_WARN_DIRECT_OBJC_ISA_USAGE = YES_ERROR;
				CLANG_WARN_DOCUMENTATION_COMMENTS = YES;
				CLANG_WARN_EMPTY_BODY = YES;
				CLANG_WARN_ENUM_CONVERSION = YES;
				CLANG_WARN_INFINITE_RECURSION = YES;
				CLANG_WARN_INT_CONVERSION = YES;
				CLANG_WARN_NON_LITERAL_NULL_CONVERSION = YES;
				CLANG_WARN_OBJC_IMPLICIT_RETAIN_SELF = YES;
				CLANG_WARN_OBJC_LITERAL_CONVERSION = YES;
				CLANG_WARN_OBJC_ROOT_CLASS = YES_ERROR;
				CLANG_WARN_RANGE_LOOP_ANALYSIS = YES;
				CLANG_WARN_STRICT_PROTOTYPES = YES;
				CLANG_WARN_SUSPICIOUS_MOVE = YES;
				CLANG_WARN_UNGUARDED_AVAILABILITY = YES_AGGRESSIVE;
				CLANG_WARN_UNREACHABLE_CODE = YES;
				CLANG_WARN__DUPLICATE_METHOD_MATCH = YES;
				CODE_SIGN_IDENTITY = "iPhone Developer";
				COPY_PHASE_STRIP = NO;
				DEBUG_INFORMATION_FORMAT = dwarf;
				ENABLE_STRICT_OBJC_MSGSEND = YES;
				ENABLE_TESTABILITY = YES;
				GCC_C_LANGUAGE_STANDARD = gnu11;
				GCC_DYNAMIC_NO_PIC = NO;
				GCC_NO_COMMON_BLOCKS = YES;
				GCC_OPTIMIZATION_LEVEL = 0;
				GCC_PREPROCESSOR_DEFINITIONS = (
					"DEBUG=1",
					"$(inherited)",
				);
				GCC_WARN_64_TO_32_BIT_CONVERSION = YES;
				GCC_WARN_ABOUT_RETURN_TYPE = YES_ERROR;
				GCC_WARN_UNDECLARED_SELECTOR = YES;
				GCC_WARN_UNINITIALIZED_AUTOS = YES_AGGRESSIVE;
				GCC_WARN_UNUSED_FUNCTION = YES;
				GCC_WARN_UNUSED_VARIABLE = YES;
				IPHONEOS_DEPLOYMENT_TARGET = 12.1;
				MTL_ENABLE_DEBUG_INFO = INCLUDE_SOURCE;
				MTL_FAST_MATH = YES;
				ONLY_ACTIVE_ARCH = YES;
				SDKROOT = iphoneos;
				SWIFT_ACTIVE_COMPILATION_CONDITIONS = DEBUG;
				SWIFT_OPTIMIZATION_LEVEL = "-Onone";
			};
			name = Debug;
		};
		CA097FCD222ED98800D54ADA /* Release */ = {
			isa = XCBuildConfiguration;
			buildSettings = {
				ALWAYS_SEARCH_USER_PATHS = NO;
				CLANG_ANALYZER_NONNULL = YES;
				CLANG_ANALYZER_NUMBER_OBJECT_CONVERSION = YES_AGGRESSIVE;
				CLANG_CXX_LANGUAGE_STANDARD = "gnu++14";
				CLANG_CXX_LIBRARY = "libc++";
				CLANG_ENABLE_MODULES = YES;
				CLANG_ENABLE_OBJC_ARC = YES;
				CLANG_ENABLE_OBJC_WEAK = YES;
				CLANG_WARN_BLOCK_CAPTURE_AUTORELEASING = YES;
				CLANG_WARN_BOOL_CONVERSION = YES;
				CLANG_WARN_COMMA = YES;
				CLANG_WARN_CONSTANT_CONVERSION = YES;
				CLANG_WARN_DEPRECATED_OBJC_IMPLEMENTATIONS = YES;
				CLANG_WARN_DIRECT_OBJC_ISA_USAGE = YES_ERROR;
				CLANG_WARN_DOCUMENTATION_COMMENTS = YES;
				CLANG_WARN_EMPTY_BODY = YES;
				CLANG_WARN_ENUM_CONVERSION = YES;
				CLANG_WARN_INFINITE_RECURSION = YES;
				CLANG_WARN_INT_CONVERSION = YES;
				CLANG_WARN_NON_LITERAL_NULL_CONVERSION = YES;
				CLANG_WARN_OBJC_IMPLICIT_RETAIN_SELF = YES;
				CLANG_WARN_OBJC_LITERAL_CONVERSION = YES;
				CLANG_WARN_OBJC_ROOT_CLASS = YES_ERROR;
				CLANG_WARN_RANGE_LOOP_ANALYSIS = YES;
				CLANG_WARN_STRICT_PROTOTYPES = YES;
				CLANG_WARN_SUSPICIOUS_MOVE = YES;
				CLANG_WARN_UNGUARDED_AVAILABILITY = YES_AGGRESSIVE;
				CLANG_WARN_UNREACHABLE_CODE = YES;
				CLANG_WARN__DUPLICATE_METHOD_MATCH = YES;
				CODE_SIGN_IDENTITY = "iPhone Developer";
				COPY_PHASE_STRIP = NO;
				DEBUG_INFORMATION_FORMAT = "dwarf-with-dsym";
				ENABLE_NS_ASSERTIONS = NO;
				ENABLE_STRICT_OBJC_MSGSEND = YES;
				GCC_C_LANGUAGE_STANDARD = gnu11;
				GCC_NO_COMMON_BLOCKS = YES;
				GCC_WARN_64_TO_32_BIT_CONVERSION = YES;
				GCC_WARN_ABOUT_RETURN_TYPE = YES_ERROR;
				GCC_WARN_UNDECLARED_SELECTOR = YES;
				GCC_WARN_UNINITIALIZED_AUTOS = YES_AGGRESSIVE;
				GCC_WARN_UNUSED_FUNCTION = YES;
				GCC_WARN_UNUSED_VARIABLE = YES;
				IPHONEOS_DEPLOYMENT_TARGET = 12.1;
				MTL_ENABLE_DEBUG_INFO = NO;
				MTL_FAST_MATH = YES;
				SDKROOT = iphoneos;
				SWIFT_OPTIMIZATION_LEVEL = "-Owholemodule";
				VALIDATE_PRODUCT = YES;
			};
			name = Release;
		};
		CA097FCF222ED98800D54ADA /* Debug */ = {
			isa = XCBuildConfiguration;
			baseConfigurationReference = DCE576F078C056E3962F40DD /* Pods-Interview - Internship.debug.xcconfig */;
			buildSettings = {
				ASSETCATALOG_COMPILER_APPICON_NAME = AppIcon;
				CODE_SIGN_STYLE = Automatic;
				DEVELOPMENT_TEAM = U6WL23MB2S;
				FRAMEWORK_SEARCH_PATHS = "$(inherited)";
				INFOPLIST_FILE = "Interview - Internship/Infrastructure/Info.plist";
				LD_RUNPATH_SEARCH_PATHS = "$(inherited) @executable_path/Frameworks";
				PRODUCT_BUNDLE_IDENTIFIER = "Lepaya.Interview---Internship";
				PRODUCT_NAME = Trainers;
				SWIFT_VERSION = 4.0;
				TARGETED_DEVICE_FAMILY = "1,2";
				VALIDATE_WORKSPACE = NO;
			};
			name = Debug;
		};
		CA097FD0222ED98800D54ADA /* Release */ = {
			isa = XCBuildConfiguration;
			baseConfigurationReference = ECB06FD5000CF7975473DF96 /* Pods-Interview - Internship.release.xcconfig */;
			buildSettings = {
				ASSETCATALOG_COMPILER_APPICON_NAME = AppIcon;
				CODE_SIGN_STYLE = Automatic;
				DEVELOPMENT_TEAM = U6WL23MB2S;
				FRAMEWORK_SEARCH_PATHS = "$(inherited)";
				INFOPLIST_FILE = "Interview - Internship/Infrastructure/Info.plist";
				LD_RUNPATH_SEARCH_PATHS = "$(inherited) @executable_path/Frameworks";
				PRODUCT_BUNDLE_IDENTIFIER = "Lepaya.Interview---Internship";
				PRODUCT_NAME = Trainers;
				SWIFT_VERSION = 4.0;
				TARGETED_DEVICE_FAMILY = "1,2";
				VALIDATE_WORKSPACE = NO;
			};
			name = Release;
		};
/* End XCBuildConfiguration section */

/* Begin XCConfigurationList section */
		8F8061ED25AB519100D72341 /* Build configuration list for PBXNativeTarget "TrainersTests" */ = {
			isa = XCConfigurationList;
			buildConfigurations = (
				8F8061EE25AB519100D72341 /* Debug */,
				8F8061EF25AB519100D72341 /* Release */,
			);
			defaultConfigurationIsVisible = 0;
			defaultConfigurationName = Release;
		};
		CA097FB7222ED98600D54ADA /* Build configuration list for PBXProject "Interview - Internship" */ = {
			isa = XCConfigurationList;
			buildConfigurations = (
				CA097FCC222ED98800D54ADA /* Debug */,
				CA097FCD222ED98800D54ADA /* Release */,
			);
			defaultConfigurationIsVisible = 0;
			defaultConfigurationName = Release;
		};
		CA097FCE222ED98800D54ADA /* Build configuration list for PBXNativeTarget "Interview - Internship" */ = {
			isa = XCConfigurationList;
			buildConfigurations = (
				CA097FCF222ED98800D54ADA /* Debug */,
				CA097FD0222ED98800D54ADA /* Release */,
			);
			defaultConfigurationIsVisible = 0;
			defaultConfigurationName = Release;
		};
/* End XCConfigurationList section */
	};
	rootObject = CA097FB4222ED98600D54ADA /* Project object */;
}
